
Microsoft Visual Studio Solution File, Format Version 12.00
# Visual Studio Version 16
VisualStudioVersion = 16.0.29403.142
MinimumVisualStudioVersion = 10.0.40219.1
Project("{FAE04EC0-301F-11D3-BF4B-00C04F79EFBC}") = "AcademicRegisteration", "AcademicRegisteration\AcademicRegisteration.csproj", "{2E9DC1E9-BD88-4402-BFA6-B2F091A18B62}"
EndProject
Project("{FAE04EC0-301F-11D3-BF4B-00C04F79EFBC}") = "AcademicOnlineLibrart", "AcademicOnlineLibrart\AcademicOnlineLibrart.csproj", "{F7A2EA2D-EA09-433A-AA43-8E3B0BE194C5}"
EndProject
Global
	GlobalSection(SolutionConfigurationPlatforms) = preSolution
		Debug|Any CPU = Debug|Any CPU
		Release|Any CPU = Release|Any CPU
	EndGlobalSection
	GlobalSection(ProjectConfigurationPlatforms) = postSolution
		{2E9DC1E9-BD88-4402-BFA6-B2F091A18B62}.Debug|Any CPU.ActiveCfg = Debug|Any CPU
		{2E9DC1E9-BD88-4402-BFA6-B2F091A18B62}.Debug|Any CPU.Build.0 = Debug|Any CPU
		{2E9DC1E9-BD88-4402-BFA6-B2F091A18B62}.Release|Any CPU.ActiveCfg = Release|Any CPU
		{2E9DC1E9-BD88-4402-BFA6-B2F091A18B62}.Release|Any CPU.Build.0 = Release|Any CPU
		{F7A2EA2D-EA09-433A-AA43-8E3B0BE194C5}.Debug|Any CPU.ActiveCfg = Debug|Any CPU
		{F7A2EA2D-EA09-433A-AA43-8E3B0BE194C5}.Debug|Any CPU.Build.0 = Debug|Any CPU
		{F7A2EA2D-EA09-433A-AA43-8E3B0BE194C5}.Release|Any CPU.ActiveCfg = Release|Any CPU
		{F7A2EA2D-EA09-433A-AA43-8E3B0BE194C5}.Release|Any CPU.Build.0 = Release|Any CPU
	EndGlobalSection
	GlobalSection(SolutionProperties) = preSolution
		HideSolutionNode = FALSE
	EndGlobalSection
	GlobalSection(ExtensibilityGlobals) = postSolution
		SolutionGuid = {4B4FAF07-1892-4C1C-A30E-08F76010C251}
	EndGlobalSection
EndGlobal
